// !$*UTF8*$!
{
	archiveVersion = 1;
	classes = {
	};
	objectVersion = 46;
	objects = {

/* Begin PBXBuildFile section */
		6542D045151AAC0F0030DADC /* Foundation.framework in Frameworks */ = {isa = PBXBuildFile; fileRef = 6542D044151AAC0F0030DADC /* Foundation.framework */; };
		6542D047151AAC0F0030DADC /* UIKit.framework in Frameworks */ = {isa = PBXBuildFile; fileRef = 6542D046151AAC0F0030DADC /* UIKit.framework */; };
		6542D052151AAC0F0030DADC /* ClockWorkController.m in Sources */ = {isa = PBXBuildFile; fileRef = 6542D051151AAC0F0030DADC /* ClockWorkController.m */; };
/* End PBXBuildFile section */

/* Begin PBXFileReference section */
		6542D044151AAC0F0030DADC /* Foundation.framework */ = {isa = PBXFileReference; lastKnownFileType = wrapper.framework; name = Foundation.framework; path = System/Library/Frameworks/Foundation.framework; sourceTree = SDKROOT; };
		6542D046151AAC0F0030DADC /* UIKit.framework */ = {isa = PBXFileReference; lastKnownFileType = wrapper.framework; name = UIKit.framework; path = System/Library/Frameworks/UIKit.framework; sourceTree = SDKROOT; };
		6542D04B151AAC0F0030DADC /* control.txt */ = {isa = PBXFileReference; lastKnownFileType = text; name = control.txt; path = Package/DEBIAN/control.txt; sourceTree = "<group>"; };
		6542D04C151AAC0F0030DADC /* control */ = {isa = PBXFileReference; lastKnownFileType = text; name = control; path = Package/DEBIAN/control; sourceTree = "<group>"; };
		6542D04E151AAC0F0030DADC /* PackageVersion.plist */ = {isa = PBXFileReference; lastKnownFileType = text.plist.xml; path = PackageVersion.plist; sourceTree = "<group>"; };
		6542D04F151AAC0F0030DADC /* ClockWork-Prefix.pch */ = {isa = PBXFileReference; path = "ClockWork-Prefix.pch"; sourceTree = "<group>"; };
		6542D050151AAC0F0030DADC /* ClockWorkController.h */ = {isa = PBXFileReference; path = ClockWorkController.h; sourceTree = "<group>"; };
		6542D051151AAC0F0030DADC /* ClockWorkController.m */ = {isa = PBXFileReference; lastKnownFileType = sourcecode.c.objc; path = ClockWorkController.m; sourceTree = "<group>"; };
		6542D057151AAC0F0030DADC /* Info.plist */ = {isa = PBXFileReference; lastKnownFileType = text.plist.xml; name = Info.plist; path = Package/System/Library/WeeAppPlugins/ClockWork.bundle/Info.plist; sourceTree = "<group>"; };
		6542D058151AAC0F0030DADC /* InfoPlist.strings */ = {isa = PBXFileReference; lastKnownFileType = text.plist.strings; name = InfoPlist.strings; path = Package/System/Library/WeeAppPlugins/ClockWork.bundle/InfoPlist.strings; sourceTree = "<group>"; };
		6542D059151AAC0F0030DADC /* WeeAppBackground@2x.png */ = {isa = PBXFileReference; lastKnownFileType = image.png; name = "WeeAppBackground@2x.png"; path = "Package/System/Library/WeeAppPlugins/ClockWork.bundle/WeeAppBackground@2x.png"; sourceTree = "<group>"; };
		6542D05A151AAC0F0030DADC /* WeeAppBackground.png */ = {isa = PBXFileReference; lastKnownFileType = image.png; name = WeeAppBackground.png; path = Package/System/Library/WeeAppPlugins/ClockWork.bundle/WeeAppBackground.png; sourceTree = "<group>"; };
/* End PBXFileReference section */

/* Begin PBXFrameworksBuildPhase section */
		6542D03F151AAC0F0030DADC /* Frameworks */ = {
			isa = PBXFrameworksBuildPhase;
			buildActionMask = 2147483647;
			files = (
				6542D045151AAC0F0030DADC /* Foundation.framework in Frameworks */,
				6542D047151AAC0F0030DADC /* UIKit.framework in Frameworks */,
			);
			runOnlyForDeploymentPostprocessing = 0;
		};
/* End PBXFrameworksBuildPhase section */

/* Begin PBXGroup section */
		6542D037151AAC0E0030DADC = {
			isa = PBXGroup;
			children = (
				6542D048151AAC0F0030DADC /* ClockWork */,
				6542D043151AAC0F0030DADC /* Frameworks */,
			);
			sourceTree = "<group>";
		};
		6542D043151AAC0F0030DADC /* Frameworks */ = {
			isa = PBXGroup;
			children = (
				6542D044151AAC0F0030DADC /* Foundation.framework */,
				6542D046151AAC0F0030DADC /* UIKit.framework */,
			);
			name = Frameworks;
			sourceTree = "<group>";
		};
		6542D048151AAC0F0030DADC /* ClockWork */ = {
			isa = PBXGroup;
			children = (
				6542D050151AAC0F0030DADC /* ClockWorkController.h */,
				6542D051151AAC0F0030DADC /* ClockWorkController.m */,
				6542D049151AAC0F0030DADC /* Package */,
				6542D04D151AAC0F0030DADC /* Supporting Files */,
			);
			path = ClockWork;
			sourceTree = "<group>";
		};
		6542D049151AAC0F0030DADC /* Package */ = {
			isa = PBXGroup;
			children = (
				6542D04A151AAC0F0030DADC /* DEBIAN */,
				6542D053151AAC0F0030DADC /* System */,
			);
			name = Package;
			sourceTree = "<group>";
		};
		6542D04A151AAC0F0030DADC /* DEBIAN */ = {
			isa = PBXGroup;
			children = (
				6542D04B151AAC0F0030DADC /* control.txt */,
				6542D04C151AAC0F0030DADC /* control */,
			);
			name = DEBIAN;
			sourceTree = "<group>";
		};
		6542D04D151AAC0F0030DADC /* Supporting Files */ = {
			isa = PBXGroup;
			children = (
				6542D04E151AAC0F0030DADC /* PackageVersion.plist */,
				6542D04F151AAC0F0030DADC /* ClockWork-Prefix.pch */,
			);
			name = "Supporting Files";
			sourceTree = "<group>";
		};
		6542D053151AAC0F0030DADC /* System */ = {
			isa = PBXGroup;
			children = (
				6542D054151AAC0F0030DADC /* Library */,
			);
			name = System;
			sourceTree = "<group>";
		};
		6542D054151AAC0F0030DADC /* Library */ = {
			isa = PBXGroup;
			children = (
				6542D055151AAC0F0030DADC /* WeeAppPlugins */,
			);
			name = Library;
			sourceTree = "<group>";
		};
		6542D055151AAC0F0030DADC /* WeeAppPlugins */ = {
			isa = PBXGroup;
			children = (
				6542D056151AAC0F0030DADC /* ___PACKAGENAME___ */,
			);
			name = WeeAppPlugins;
			sourceTree = "<group>";
		};
		6542D056151AAC0F0030DADC /* ___PACKAGENAME___ */ = {
			isa = PBXGroup;
			children = (
				6542D057151AAC0F0030DADC /* Info.plist */,
				6542D058151AAC0F0030DADC /* InfoPlist.strings */,
				6542D059151AAC0F0030DADC /* WeeAppBackground@2x.png */,
				6542D05A151AAC0F0030DADC /* WeeAppBackground.png */,
			);
			name = "___PACKAGENAME___";
			sourceTree = "<group>";
		};
/* End PBXGroup section */

/* Begin PBXHeadersBuildPhase section */
		6542D040151AAC0F0030DADC /* Headers */ = {
			isa = PBXHeadersBuildPhase;
			buildActionMask = 2147483647;
			files = (
			);
			runOnlyForDeploymentPostprocessing = 0;
		};
/* End PBXHeadersBuildPhase section */

/* Begin PBXNativeTarget section */
		6542D042151AAC0F0030DADC /* ClockWork */ = {
			isa = PBXNativeTarget;
			buildConfigurationList = 6542D05D151AAC0F0030DADC /* Build configuration list for PBXNativeTarget "ClockWork" */;
			buildPhases = (
				6542D03E151AAC0F0030DADC /* Sources */,
				6542D03F151AAC0F0030DADC /* Frameworks */,
				6542D040151AAC0F0030DADC /* Headers */,
				6542D041151AAC0F0030DADC /* ShellScript */,
			);
			buildRules = (
			);
			dependencies = (
			);
			name = ClockWork;
			productName = ClockWork;
			productType = "com.apple.product-type.library.dynamic";
		};
/* End PBXNativeTarget section */

/* Begin PBXProject section */
		6542D039151AAC0E0030DADC /* Project object */ = {
			isa = PBXProject;
			attributes = {
				LastUpgradeCheck = 0430;
			};
			buildConfigurationList = 6542D03C151AAC0E0030DADC /* Build configuration list for PBXProject "ClockWork" */;
			compatibilityVersion = "Xcode 3.2";
			developmentRegion = English;
			hasScannedForEncodings = 0;
			knownRegions = (
				en,
			);
			mainGroup = 6542D037151AAC0E0030DADC;
			projectDirPath = "";
			projectRoot = "";
			targets = (
				6542D042151AAC0F0030DADC /* ClockWork */,
			);
		};
/* End PBXProject section */

/* Begin PBXShellScriptBuildPhase section */
		6542D041151AAC0F0030DADC /* ShellScript */ = {
			isa = PBXShellScriptBuildPhase;
			buildActionMask = 2147483647;
			files = (
			);
			inputPaths = (
			);
			outputPaths = (
			);
			runOnlyForDeploymentPostprocessing = 0;
			shellPath = /bin/sh;
			shellScript = "/opt/iOSOpenDev/bin/iosod --xcbp";
		};
/* End PBXShellScriptBuildPhase section */

/* Begin PBXSourcesBuildPhase section */
		6542D03E151AAC0F0030DADC /* Sources */ = {
			isa = PBXSourcesBuildPhase;
			buildActionMask = 2147483647;
			files = (
				6542D052151AAC0F0030DADC /* ClockWorkController.m in Sources */,
			);
			runOnlyForDeploymentPostprocessing = 0;
		};
/* End PBXSourcesBuildPhase section */

/* Begin XCBuildConfiguration section */
		6542D05B151AAC0F0030DADC /* Release */ = {
			isa = XCBuildConfiguration;
			buildSettings = {
				ARCHS = "$(ARCHS_STANDARD_32_BIT)";
				CLANG_ENABLE_OBJC_ARC = YES;
				COPY_PHASE_STRIP = YES;
				EXCLUDED_RECURSIVE_SEARCH_PATH_SUBDIRECTORIES = "*.nib *.lproj *.gch (*) .DS_Store CVS .svn .git .hg *.xcodeproj *.xcode *.pbproj *.pbxproj";
				FRAMEWORK_SEARCH_PATHS = "$(iOSOpenDevPath)/frameworks/**";
				GCC_C_LANGUAGE_STANDARD = gnu99;
				GCC_VERSION = com.apple.compilers.llvm.clang.1_0;
				GCC_WARN_ABOUT_MISSING_PROTOTYPES = YES;
				GCC_WARN_ABOUT_RETURN_TYPE = YES;
				GCC_WARN_UNUSED_VARIABLE = YES;
				HEADER_SEARCH_PATHS = "$(iOSOpenDevPath)/include/**";
				IPHONEOS_DEPLOYMENT_TARGET = 5.1;
				LIBRARY_SEARCH_PATHS = "$(iOSOpenDevPath)/lib/**";
				SDKROOT = iphoneos;
				TARGETED_DEVICE_FAMILY = "1,2";
				VALIDATE_PRODUCT = YES;
				iOSOpenDevPath = /opt/iOSOpenDev;
			};
			name = Release;
		};
		6542D05C151AAC0F0030DADC /* Debug */ = {
			isa = XCBuildConfiguration;
			buildSettings = {
				ARCHS = "$(ARCHS_STANDARD_32_BIT)";
				CLANG_ENABLE_OBJC_ARC = YES;
				COPY_PHASE_STRIP = NO;
				EXCLUDED_RECURSIVE_SEARCH_PATH_SUBDIRECTORIES = "*.nib *.lproj *.gch (*) .DS_Store CVS .svn .git .hg *.xcodeproj *.xcode *.pbproj *.pbxproj";
				FRAMEWORK_SEARCH_PATHS = "$(iOSOpenDevPath)/frameworks/**";
				GCC_C_LANGUAGE_STANDARD = gnu99;
				GCC_DYNAMIC_NO_PIC = NO;
				GCC_OPTIMIZATION_LEVEL = 0;
				GCC_PREPROCESSOR_DEFINITIONS = (
					"DEBUG=1",
					"$(inherited)",
				);
				GCC_SYMBOLS_PRIVATE_EXTERN = NO;
				GCC_VERSION = com.apple.compilers.llvm.clang.1_0;
				GCC_WARN_ABOUT_MISSING_PROTOTYPES = YES;
				GCC_WARN_ABOUT_RETURN_TYPE = YES;
				GCC_WARN_UNUSED_VARIABLE = YES;
				HEADER_SEARCH_PATHS = "$(iOSOpenDevPath)/include/**";
				IPHONEOS_DEPLOYMENT_TARGET = 5.1;
				LIBRARY_SEARCH_PATHS = "$(iOSOpenDevPath)/lib/**";
				SDKROOT = iphoneos;
				TARGETED_DEVICE_FAMILY = "1,2";
				VALIDATE_PRODUCT = NO;
				iOSOpenDevPath = /opt/iOSOpenDev;
			};
			name = Debug;
		};
		6542D05E151AAC0F0030DADC /* Release */ = {
			isa = XCBuildConfiguration;
			buildSettings = {
				DYLIB_COMPATIBILITY_VERSION = 1;
				DYLIB_CURRENT_VERSION = 1;
				EXECUTABLE_EXTENSION = "";
				EXECUTABLE_NAME = ClockWork;
				GCC_PRECOMPILE_PREFIX_HEADER = YES;
				GCC_PREFIX_HEADER = "ClockWork/ClockWork-Prefix.pch";
				INSTALL_PATH = /System/Library/WeeAppPlugins/ClockWork.bundle;
				PRODUCT_NAME = "$(TARGET_NAME)";
				iOSOpenDevCopyOnBuild = NO;
				iOSOpenDevDevice = "";
				iOSOpenDevInstallOnAnyBuild = NO;
				iOSOpenDevInstallOnProfiling = NO;
				iOSOpenDevRespringOnInstall = NO;
				iOSOpenDevUsePackageVersionPList = YES;
			};
			name = Release;
		};
		6542D05F151AAC0F0030DADC /* Debug */ = {
			isa = XCBuildConfiguration;
			buildSettings = {
				DYLIB_COMPATIBILITY_VERSION = 1;
				DYLIB_CURRENT_VERSION = 1;
				EXECUTABLE_EXTENSION = "";
				EXECUTABLE_NAME = ClockWork;
				GCC_PRECOMPILE_PREFIX_HEADER = YES;
				GCC_PREFIX_HEADER = "ClockWork/ClockWork-Prefix.pch";
				INSTALL_PATH = /System/Library/WeeAppPlugins/ClockWork.bundle;
				PRODUCT_NAME = "$(TARGET_NAME)";
				iOSOpenDevCopyOnBuild = NO;
				iOSOpenDevDevice = "";
				iOSOpenDevInstallOnAnyBuild = NO;
				iOSOpenDevInstallOnProfiling = NO;
				iOSOpenDevRespringOnInstall = NO;
				iOSOpenDevUsePackageVersionPList = YES;
			};
			name = Debug;
		};
/* End XCBuildConfiguration section */

/* Begin XCConfigurationList section */
		6542D03C151AAC0E0030DADC /* Build configuration list for PBXProject "ClockWork" */ = {
			isa = XCConfigurationList;
			buildConfigurations = (
				6542D05B151AAC0F0030DADC /* Release */,
				6542D05C151AAC0F0030DADC /* Debug */,
			);
			defaultConfigurationIsVisible = 0;
			defaultConfigurationName = Release;
		};
		6542D05D151AAC0F0030DADC /* Build configuration list for PBXNativeTarget "ClockWork" */ = {
			isa = XCConfigurationList;
			buildConfigurations = (
				6542D05E151AAC0F0030DADC /* Release */,
				6542D05F151AAC0F0030DADC /* Debug */,
			);
			defaultConfigurationIsVisible = 0;
		};
/* End XCConfigurationList section */
	};
	rootObject = 6542D039151AAC0E0030DADC /* Project object */;
}
